// !$*UTF8*$!
{
	archiveVersion = 1;
	classes = {
	};
	objectVersion = 56;
	objects = {

/* Begin PBXBuildFile section */
		F600E1D62B7CF0570067EF71 /* DataManager.swift in Sources */ = {isa = PBXBuildFile; fileRef = F600E1D52B7CF0570067EF71 /* DataManager.swift */; };
		F600E1DB2B7CF0B00067EF71 /* Person.swift in Sources */ = {isa = PBXBuildFile; fileRef = F600E1DA2B7CF0B00067EF71 /* Person.swift */; };
		F600E1DD2B7CFBA50067EF71 /* TabBarController.swift in Sources */ = {isa = PBXBuildFile; fileRef = F600E1DC2B7CFBA50067EF71 /* TabBarController.swift */; };
		F600E1DF2B7CFEA40067EF71 /* ContactListViewController.swift in Sources */ = {isa = PBXBuildFile; fileRef = F600E1DE2B7CFEA40067EF71 /* ContactListViewController.swift */; };
		F600E1E12B7CFEC80067EF71 /* AnotherContactListViewController.swift in Sources */ = {isa = PBXBuildFile; fileRef = F600E1E02B7CFEC80067EF71 /* AnotherContactListViewController.swift */; };
		F600E1E32B7CFEEB0067EF71 /* DetailsViewController.swift in Sources */ = {isa = PBXBuildFile; fileRef = F600E1E22B7CFEEB0067EF71 /* DetailsViewController.swift */; };
		F6DA59402B740573004644EE /* AppDelegate.swift in Sources */ = {isa = PBXBuildFile; fileRef = F6DA593F2B740573004644EE /* AppDelegate.swift */; };
		F6DA59422B740573004644EE /* SceneDelegate.swift in Sources */ = {isa = PBXBuildFile; fileRef = F6DA59412B740573004644EE /* SceneDelegate.swift */; };
		F6DA59472B740573004644EE /* Main.storyboard in Resources */ = {isa = PBXBuildFile; fileRef = F6DA59452B740573004644EE /* Main.storyboard */; };
		F6DA59492B740575004644EE /* Assets.xcassets in Resources */ = {isa = PBXBuildFile; fileRef = F6DA59482B740575004644EE /* Assets.xcassets */; };
		F6DA594C2B740575004644EE /* LaunchScreen.storyboard in Resources */ = {isa = PBXBuildFile; fileRef = F6DA594A2B740575004644EE /* LaunchScreen.storyboard */; };
/* End PBXBuildFile section */

/* Begin PBXFileReference section */
		F600E1D52B7CF0570067EF71 /* DataManager.swift */ = {isa = PBXFileReference; lastKnownFileType = sourcecode.swift; path = DataManager.swift; sourceTree = "<group>"; };
		F600E1DA2B7CF0B00067EF71 /* Person.swift */ = {isa = PBXFileReference; lastKnownFileType = sourcecode.swift; path = Person.swift; sourceTree = "<group>"; };
		F600E1DC2B7CFBA50067EF71 /* TabBarController.swift */ = {isa = PBXFileReference; lastKnownFileType = sourcecode.swift; path = TabBarController.swift; sourceTree = "<group>"; };
		F600E1DE2B7CFEA40067EF71 /* ContactListViewController.swift */ = {isa = PBXFileReference; lastKnownFileType = sourcecode.swift; path = ContactListViewController.swift; sourceTree = "<group>"; };
		F600E1E02B7CFEC80067EF71 /* AnotherContactListViewController.swift */ = {isa = PBXFileReference; lastKnownFileType = sourcecode.swift; path = AnotherContactListViewController.swift; sourceTree = "<group>"; };
		F600E1E22B7CFEEB0067EF71 /* DetailsViewController.swift */ = {isa = PBXFileReference; lastKnownFileType = sourcecode.swift; path = DetailsViewController.swift; sourceTree = "<group>"; };
		F6DA593C2B740573004644EE /* ContactList2.app */ = {isa = PBXFileReference; explicitFileType = wrapper.application; includeInIndex = 0; path = ContactList2.app; sourceTree = BUILT_PRODUCTS_DIR; };
		F6DA593F2B740573004644EE /* AppDelegate.swift */ = {isa = PBXFileReference; lastKnownFileType = sourcecode.swift; path = AppDelegate.swift; sourceTree = "<group>"; };
		F6DA59412B740573004644EE /* SceneDelegate.swift */ = {isa = PBXFileReference; lastKnownFileType = sourcecode.swift; path = SceneDelegate.swift; sourceTree = "<group>"; };
		F6DA59462B740573004644EE /* Base */ = {isa = PBXFileReference; lastKnownFileType = file.storyboard; name = Base; path = Base.lproj/Main.storyboard; sourceTree = "<group>"; };
		F6DA59482B740575004644EE /* Assets.xcassets */ = {isa = PBXFileReference; lastKnownFileType = folder.assetcatalog; path = Assets.xcassets; sourceTree = "<group>"; };
		F6DA594B2B740575004644EE /* Base */ = {isa = PBXFileReference; lastKnownFileType = file.storyboard; name = Base; path = Base.lproj/LaunchScreen.storyboard; sourceTree = "<group>"; };
		F6DA594D2B740575004644EE /* Info.plist */ = {isa = PBXFileReference; lastKnownFileType = text.plist.xml; path = Info.plist; sourceTree = "<group>"; };
/* End PBXFileReference section */

/* Begin PBXFrameworksBuildPhase section */
		F6DA59392B740573004644EE /* Frameworks */ = {
			isa = PBXFrameworksBuildPhase;
			buildActionMask = 2147483647;
			files = (
			);
			runOnlyForDeploymentPostprocessing = 0;
		};
/* End PBXFrameworksBuildPhase section */

/* Begin PBXGroup section */
		F600E1D32B7CEFEE0067EF71 /* App */ = {
			isa = PBXGroup;
			children = (
				F6DA594D2B740575004644EE /* Info.plist */,
				F6DA59412B740573004644EE /* SceneDelegate.swift */,
				F6DA593F2B740573004644EE /* AppDelegate.swift */,
			);
			path = App;
			sourceTree = "<group>";
		};
		F600E1D42B7CF01C0067EF71 /* Services */ = {
			isa = PBXGroup;
			children = (
				F600E1D52B7CF0570067EF71 /* DataManager.swift */,
			);
			path = Services;
			sourceTree = "<group>";
		};
		F600E1D72B7CF0620067EF71 /* ViewControllers */ = {
			isa = PBXGroup;
			children = (
				F600E1DC2B7CFBA50067EF71 /* TabBarController.swift */,
				F600E1DE2B7CFEA40067EF71 /* ContactListViewController.swift */,
				F600E1E02B7CFEC80067EF71 /* AnotherContactListViewController.swift */,
				F600E1E22B7CFEEB0067EF71 /* DetailsViewController.swift */,
			);
			path = ViewControllers;
			sourceTree = "<group>";
		};
		F600E1D82B7CF0750067EF71 /* Storyboards */ = {
			isa = PBXGroup;
			children = (
				F6DA59452B740573004644EE /* Main.storyboard */,
				F6DA594A2B740575004644EE /* LaunchScreen.storyboard */,
			);
			path = Storyboards;
			sourceTree = "<group>";
		};
		F600E1D92B7CF09A0067EF71 /* Models */ = {
			isa = PBXGroup;
			children = (
				F600E1DA2B7CF0B00067EF71 /* Person.swift */,
			);
			path = Models;
			sourceTree = "<group>";
		};
		F6DA59332B740573004644EE = {
			isa = PBXGroup;
			children = (
				F6DA593E2B740573004644EE /* ContactList2 */,
				F6DA593D2B740573004644EE /* Products */,
			);
			sourceTree = "<group>";
		};
		F6DA593D2B740573004644EE /* Products */ = {
			isa = PBXGroup;
			children = (
				F6DA593C2B740573004644EE /* ContactList2.app */,
			);
			name = Products;
			sourceTree = "<group>";
		};
		F6DA593E2B740573004644EE /* ContactList2 */ = {
			isa = PBXGroup;
			children = (
				F600E1D92B7CF09A0067EF71 /* Models */,
				F600E1D82B7CF0750067EF71 /* Storyboards */,
				F600E1D72B7CF0620067EF71 /* ViewControllers */,
				F600E1D42B7CF01C0067EF71 /* Services */,
				F600E1D32B7CEFEE0067EF71 /* App */,
				F6DA59482B740575004644EE /* Assets.xcassets */,
			);
			path = ContactList2;
			sourceTree = "<group>";
		};
/* End PBXGroup section */

/* Begin PBXNativeTarget section */
		F6DA593B2B740573004644EE /* ContactList2 */ = {
			isa = PBXNativeTarget;
			buildConfigurationList = F6DA59502B740575004644EE /* Build configuration list for PBXNativeTarget "ContactList2" */;
			buildPhases = (
				F6DA59382B740573004644EE /* Sources */,
				F6DA59392B740573004644EE /* Frameworks */,
				F6DA593A2B740573004644EE /* Resources */,
			);
			buildRules = (
			);
			dependencies = (
			);
			name = ContactList2;
			productName = ContactList2;
			productReference = F6DA593C2B740573004644EE /* ContactList2.app */;
			productType = "com.apple.product-type.application";
		};
/* End PBXNativeTarget section */

/* Begin PBXProject section */
		F6DA59342B740573004644EE /* Project object */ = {
			isa = PBXProject;
			attributes = {
				BuildIndependentTargetsInParallel = 1;
				LastSwiftUpdateCheck = 1520;
				LastUpgradeCheck = 1520;
				TargetAttributes = {
					F6DA593B2B740573004644EE = {
						CreatedOnToolsVersion = 15.2;
					};
				};
			};
			buildConfigurationList = F6DA59372B740573004644EE /* Build configuration list for PBXProject "ContactList2" */;
			compatibilityVersion = "Xcode 14.0";
			developmentRegion = en;
			hasScannedForEncodings = 0;
			knownRegions = (
				en,
				Base,
			);
			mainGroup = F6DA59332B740573004644EE;
			productRefGroup = F6DA593D2B740573004644EE /* Products */;
			projectDirPath = "";
			projectRoot = "";
			targets = (
				F6DA593B2B740573004644EE /* ContactList2 */,
			);
		};
/* End PBXProject section */

/* Begin PBXResourcesBuildPhase section */
		F6DA593A2B740573004644EE /* Resources */ = {
			isa = PBXResourcesBuildPhase;
			buildActionMask = 2147483647;
			files = (
				F6DA594C2B740575004644EE /* LaunchScreen.storyboard in Resources */,
				F6DA59492B740575004644EE /* Assets.xcassets in Resources */,
				F6DA59472B740573004644EE /* Main.storyboard in Resources */,
			);
			runOnlyForDeploymentPostprocessing = 0;
		};
/* End PBXResourcesBuildPhase section */

/* Begin PBXSourcesBuildPhase section */
		F6DA59382B740573004644EE /* Sources */ = {
			isa = PBXSourcesBuildPhase;
			buildActionMask = 2147483647;
			files = (
				F600E1E12B7CFEC80067EF71 /* AnotherContactListViewController.swift in Sources */,
				F600E1DB2B7CF0B00067EF71 /* Person.swift in Sources */,
				F600E1D62B7CF0570067EF71 /* DataManager.swift in Sources */,
				F600E1E32B7CFEEB0067EF71 /* DetailsViewController.swift in Sources */,
				F600E1DD2B7CFBA50067EF71 /* TabBarController.swift in Sources */,
				F6DA59402B740573004644EE /* AppDelegate.swift in Sources */,
				F6DA59422B740573004644EE /* SceneDelegate.swift in Sources */,
				F600E1DF2B7CFEA40067EF71 /* ContactListViewController.swift in Sources */,
			);
			runOnlyForDeploymentPostprocessing = 0;
		};
/* End PBXSourcesBuildPhase section */

/* Begin PBXVariantGroup section */
		F6DA59452B740573004644EE /* Main.storyboard */ = {
			isa = PBXVariantGroup;
			children = (
				F6DA59462B740573004644EE /* Base */,
			);
			name = Main.storyboard;
			sourceTree = "<group>";
		};
		F6DA594A2B740575004644EE /* LaunchScreen.storyboard */ = {
			isa = PBXVariantGroup;
			children = (
				F6DA594B2B740575004644EE /* Base */,
			);
			name = LaunchScreen.storyboard;
			sourceTree = "<group>";
		};
/* End PBXVariantGroup section */

/* Begin XCBuildConfiguration section */
		F6DA594E2B740575004644EE /* Debug */ = {
			isa = XCBuildConfiguration;
			buildSettings = {
				ALWAYS_SEARCH_USER_PATHS = NO;
				ASSETCATALOG_COMPILER_GENERATE_SWIFT_ASSET_SYMBOL_EXTENSIONS = YES;
				CLANG_ANALYZER_NONNULL = YES;
				CLANG_ANALYZER_NUMBER_OBJECT_CONVERSION = YES_AGGRESSIVE;
				CLANG_CXX_LANGUAGE_STANDARD = "gnu++20";
				CLANG_ENABLE_MODULES = YES;
				CLANG_ENABLE_OBJC_ARC = YES;
				CLANG_ENABLE_OBJC_WEAK = YES;
				CLANG_WARN_BLOCK_CAPTURE_AUTORELEASING = YES;
				CLANG_WARN_BOOL_CONVERSION = YES;
				CLANG_WARN_COMMA = YES;
				CLANG_WARN_CONSTANT_CONVERSION = YES;
				CLANG_WARN_DEPRECATED_OBJC_IMPLEMENTATIONS = YES;
				CLANG_WARN_DIRECT_OBJC_ISA_USAGE = YES_ERROR;
				CLANG_WARN_DOCUMENTATION_COMMENTS = YES;
				CLANG_WARN_EMPTY_BODY = YES;
				CLANG_WARN_ENUM_CONVERSION = YES;
				CLANG_WARN_INFINITE_RECURSION = YES;
				CLANG_WARN_INT_CONVERSION = YES;
				CLANG_WARN_NON_LITERAL_NULL_CONVERSION = YES;
				CLANG_WARN_OBJC_IMPLICIT_RETAIN_SELF = YES;
				CLANG_WARN_OBJC_LITERAL_CONVERSION = YES;
				CLANG_WARN_OBJC_ROOT_CLASS = YES_ERROR;
				CLANG_WARN_QUOTED_INCLUDE_IN_FRAMEWORK_HEADER = YES;
				CLANG_WARN_RANGE_LOOP_ANALYSIS = YES;
				CLANG_WARN_STRICT_PROTOTYPES = YES;
				CLANG_WARN_SUSPICIOUS_MOVE = YES;
				CLANG_WARN_UNGUARDED_AVAILABILITY = YES_AGGRESSIVE;
				CLANG_WARN_UNREACHABLE_CODE = YES;
				CLANG_WARN__DUPLICATE_METHOD_MATCH = YES;
				COPY_PHASE_STRIP = NO;
				DEBUG_INFORMATION_FORMAT = dwarf;
				ENABLE_STRICT_OBJC_MSGSEND = YES;
				ENABLE_TESTABILITY = YES;
				ENABLE_USER_SCRIPT_SANDBOXING = YES;
				GCC_C_LANGUAGE_STANDARD = gnu17;
				GCC_DYNAMIC_NO_PIC = NO;
				GCC_NO_COMMON_BLOCKS = YES;
				GCC_OPTIMIZATION_LEVEL = 0;
				GCC_PREPROCESSOR_DEFINITIONS = (
					"DEBUG=1",
					"$(inherited)",
				);
				GCC_WARN_64_TO_32_BIT_CONVERSION = YES;
				GCC_WARN_ABOUT_RETURN_TYPE = YES_ERROR;
				GCC_WARN_UNDECLARED_SELECTOR = YES;
				GCC_WARN_UNINITIALIZED_AUTOS = YES_AGGRESSIVE;
				GCC_WARN_UNUSED_FUNCTION = YES;
				GCC_WARN_UNUSED_VARIABLE = YES;
				IPHONEOS_DEPLOYMENT_TARGET = 17.2;
				LOCALIZATION_PREFERS_STRING_CATALOGS = YES;
				MTL_ENABLE_DEBUG_INFO = INCLUDE_SOURCE;
				MTL_FAST_MATH = YES;
				ONLY_ACTIVE_ARCH = YES;
				SDKROOT = iphoneos;
				SWIFT_ACTIVE_COMPILATION_CONDITIONS = "DEBUG $(inherited)";
				SWIFT_OPTIMIZATION_LEVEL = "-Onone";
			};
			name = Debug;
		};
		F6DA594F2B740575004644EE /* Release */ = {
			isa = XCBuildConfiguration;
			buildSettings = {
				ALWAYS_SEARCH_USER_PATHS = NO;
				ASSETCATALOG_COMPILER_GENERATE_SWIFT_ASSET_SYMBOL_EXTENSIONS = YES;
				CLANG_ANALYZER_NONNULL = YES;
				CLANG_ANALYZER_NUMBER_OBJECT_CONVERSION = YES_AGGRESSIVE;
				CLANG_CXX_LANGUAGE_STANDARD = "gnu++20";
				CLANG_ENABLE_MODULES = YES;
				CLANG_ENABLE_OBJC_ARC = YES;
				CLANG_ENABLE_OBJC_WEAK = YES;
				CLANG_WARN_BLOCK_CAPTURE_AUTORELEASING = YES;
				CLANG_WARN_BOOL_CONVERSION = YES;
				CLANG_WARN_COMMA = YES;
				CLANG_WARN_CONSTANT_CONVERSION = YES;
				CLANG_WARN_DEPRECATED_OBJC_IMPLEMENTATIONS = YES;
				CLANG_WARN_DIRECT_OBJC_ISA_USAGE = YES_ERROR;
				CLANG_WARN_DOCUMENTATION_COMMENTS = YES;
				CLANG_WARN_EMPTY_BODY = YES;
				CLANG_WARN_ENUM_CONVERSION = YES;
				CLANG_WARN_INFINITE_RECURSION = YES;
				CLANG_WARN_INT_CONVERSION = YES;
				CLANG_WARN_NON_LITERAL_NULL_CONVERSION = YES;
				CLANG_WARN_OBJC_IMPLICIT_RETAIN_SELF = YES;
				CLANG_WARN_OBJC_LITERAL_CONVERSION = YES;
				CLANG_WARN_OBJC_ROOT_CLASS = YES_ERROR;
				CLANG_WARN_QUOTED_INCLUDE_IN_FRAMEWORK_HEADER = YES;
				CLANG_WARN_RANGE_LOOP_ANALYSIS = YES;
				CLANG_WARN_STRICT_PROTOTYPES = YES;
				CLANG_WARN_SUSPICIOUS_MOVE = YES;
				CLANG_WARN_UNGUARDED_AVAILABILITY = YES_AGGRESSIVE;
				CLANG_WARN_UNREACHABLE_CODE = YES;
				CLANG_WARN__DUPLICATE_METHOD_MATCH = YES;
				COPY_PHASE_STRIP = NO;
				DEBUG_INFORMATION_FORMAT = "dwarf-with-dsym";
				ENABLE_NS_ASSERTIONS = NO;
				ENABLE_STRICT_OBJC_MSGSEND = YES;
				ENABLE_USER_SCRIPT_SANDBOXING = YES;
				GCC_C_LANGUAGE_STANDARD = gnu17;
				GCC_NO_COMMON_BLOCKS = YES;
				GCC_WARN_64_TO_32_BIT_CONVERSION = YES;
				GCC_WARN_ABOUT_RETURN_TYPE = YES_ERROR;
				GCC_WARN_UNDECLARED_SELECTOR = YES;
				GCC_WARN_UNINITIALIZED_AUTOS = YES_AGGRESSIVE;
				GCC_WARN_UNUSED_FUNCTION = YES;
				GCC_WARN_UNUSED_VARIABLE = YES;
				IPHONEOS_DEPLOYMENT_TARGET = 17.2;
				LOCALIZATION_PREFERS_STRING_CATALOGS = YES;
				MTL_ENABLE_DEBUG_INFO = NO;
				MTL_FAST_MATH = YES;
				SDKROOT = iphoneos;
				SWIFT_COMPILATION_MODE = wholemodule;
				VALIDATE_PRODUCT = YES;
			};
			name = Release;
		};
		F6DA59512B740575004644EE /* Debug */ = {
			isa = XCBuildConfiguration;
			buildSettings = {
				ASSETCATALOG_COMPILER_APPICON_NAME = AppIcon;
				ASSETCATALOG_COMPILER_GLOBAL_ACCENT_COLOR_NAME = AccentColor;
				CODE_SIGN_STYLE = Automatic;
				CURRENT_PROJECT_VERSION = 1;
				DEVELOPMENT_TEAM = R3J978T828;
				GENERATE_INFOPLIST_FILE = YES;
				INFOPLIST_FILE = ContactList2/App/Info.plist;
				INFOPLIST_KEY_UIApplicationSupportsIndirectInputEvents = YES;
				INFOPLIST_KEY_UILaunchStoryboardName = LaunchScreen.storyboard;
				INFOPLIST_KEY_UIMainStoryboardFile = Main;
				INFOPLIST_KEY_UISupportedInterfaceOrientations_iPad = "UIInterfaceOrientationPortrait UIInterfaceOrientationPortraitUpsideDown UIInterfaceOrientationLandscapeLeft UIInterfaceOrientationLandscapeRight";
				INFOPLIST_KEY_UISupportedInterfaceOrientations_iPhone = "UIInterfaceOrientationPortrait UIInterfaceOrientationLandscapeLeft UIInterfaceOrientationLandscapeRight";
				LD_RUNPATH_SEARCH_PATHS = (
					"$(inherited)",
					"@executable_path/Frameworks",
				);
				MARKETING_VERSION = 1.0;
				PRODUCT_BUNDLE_IDENTIFIER = ru.MuslimGapparov.ContactList2;
				PRODUCT_NAME = "$(TARGET_NAME)";
				SUPPORTED_PLATFORMS = "iphoneos iphonesimulator";
				SUPPORTS_MACCATALYST = NO;
				SUPPORTS_MAC_DESIGNED_FOR_IPHONE_IPAD = NO;
				SUPPORTS_XR_DESIGNED_FOR_IPHONE_IPAD = NO;
				SWIFT_EMIT_LOC_STRINGS = YES;
				SWIFT_VERSION = 5.0;
				TARGETED_DEVICE_FAMILY = 1;
			};
			name = Debug;
		};
		F6DA59522B740575004644EE /* Release */ = {
			isa = XCBuildConfiguration;
			buildSettings = {
				ASSETCATALOG_COMPILER_APPICON_NAME = AppIcon;
				ASSETCATALOG_COMPILER_GLOBAL_ACCENT_COLOR_NAME = AccentColor;
				CODE_SIGN_STYLE = Automatic;
				CURRENT_PROJECT_VERSION = 1;
				DEVELOPMENT_TEAM = R3J978T828;
				GENERATE_INFOPLIST_FILE = YES;
				INFOPLIST_FILE = ContactList2/App/Info.plist;
				INFOPLIST_KEY_UIApplicationSupportsIndirectInputEvents = YES;
				INFOPLIST_KEY_UILaunchStoryboardName = LaunchScreen.storyboard;
				INFOPLIST_KEY_UIMainStoryboardFile = Main;
				INFOPLIST_KEY_UISupportedInterfaceOrientations_iPad = "UIInterfaceOrientationPortrait UIInterfaceOrientationPortraitUpsideDown UIInterfaceOrientationLandscapeLeft UIInterfaceOrientationLandscapeRight";
				INFOPLIST_KEY_UISupportedInterfaceOrientations_iPhone = "UIInterfaceOrientationPortrait UIInterfaceOrientationLandscapeLeft UIInterfaceOrientationLandscapeRight";
				LD_RUNPATH_SEARCH_PATHS = (
					"$(inherited)",
					"@executable_path/Frameworks",
				);
				MARKETING_VERSION = 1.0;
				PRODUCT_BUNDLE_IDENTIFIER = ru.MuslimGapparov.ContactList2;
				PRODUCT_NAME = "$(TARGET_NAME)";
				SUPPORTED_PLATFORMS = "iphoneos iphonesimulator";
				SUPPORTS_MACCATALYST = NO;
				SUPPORTS_MAC_DESIGNED_FOR_IPHONE_IPAD = NO;
				SUPPORTS_XR_DESIGNED_FOR_IPHONE_IPAD = NO;
				SWIFT_EMIT_LOC_STRINGS = YES;
				SWIFT_VERSION = 5.0;
				TARGETED_DEVICE_FAMILY = 1;
			};
			name = Release;
		};
/* End XCBuildConfiguration section */

/* Begin XCConfigurationList section */
		F6DA59372B740573004644EE /* Build configuration list for PBXProject "ContactList2" */ = {
			isa = XCConfigurationList;
			buildConfigurations = (
				F6DA594E2B740575004644EE /* Debug */,
				F6DA594F2B740575004644EE /* Release */,
			);
			defaultConfigurationIsVisible = 0;
			defaultConfigurationName = Release;
		};
		F6DA59502B740575004644EE /* Build configuration list for PBXNativeTarget "ContactList2" */ = {
			isa = XCConfigurationList;
			buildConfigurations = (
				F6DA59512B740575004644EE /* Debug */,
				F6DA59522B740575004644EE /* Release */,
			);
			defaultConfigurationIsVisible = 0;
			defaultConfigurationName = Release;
		};
/* End XCConfigurationList section */
	};
	rootObject = F6DA59342B740573004644EE /* Project object */;
}
